
Microsoft Visual Studio Solution File, Format Version 12.00
# Visual Studio Version 16
VisualStudioVersion = 16.0.31105.61
MinimumVisualStudioVersion = 10.0.40219.1
Project("{9A19103F-16F7-4668-BE54-9A1E7A4F7556}") = "WebAPI", "WebAPI\WebAPI.csproj", "{4816C875-E6C3-483C-9BBF-D098B8DFE1DD}"
EndProject
Project("{9A19103F-16F7-4668-BE54-9A1E7A4F7556}") = "Web_Api_Test", "Web_Api_Test\Web_Api_Test.csproj", "{92D944C7-EA87-48DC-BC95-CF646651FDA7}"
EndProject
Global
	GlobalSection(SolutionConfigurationPlatforms) = preSolution
		Debug|Any CPU = Debug|Any CPU
		Release|Any CPU = Release|Any CPU
	EndGlobalSection
	GlobalSection(ProjectConfigurationPlatforms) = postSolution
		{4816C875-E6C3-483C-9BBF-D098B8DFE1DD}.Debug|Any CPU.ActiveCfg = Debug|Any CPU
		{4816C875-E6C3-483C-9BBF-D098B8DFE1DD}.Debug|Any CPU.Build.0 = Debug|Any CPU
		{4816C875-E6C3-483C-9BBF-D098B8DFE1DD}.Release|Any CPU.ActiveCfg = Release|Any CPU
		{4816C875-E6C3-483C-9BBF-D098B8DFE1DD}.Release|Any CPU.Build.0 = Release|Any CPU
		{92D944C7-EA87-48DC-BC95-CF646651FDA7}.Debug|Any CPU.ActiveCfg = Debug|Any CPU
		{92D944C7-EA87-48DC-BC95-CF646651FDA7}.Debug|Any CPU.Build.0 = Debug|Any CPU
		{92D944C7-EA87-48DC-BC95-CF646651FDA7}.Release|Any CPU.ActiveCfg = Release|Any CPU
		{92D944C7-EA87-48DC-BC95-CF646651FDA7}.Release|Any CPU.Build.0 = Release|Any CPU
	EndGlobalSection
	GlobalSection(SolutionProperties) = preSolution
		HideSolutionNode = FALSE
	EndGlobalSection
	GlobalSection(ExtensibilityGlobals) = postSolution
		SolutionGuid = {2283D833-EEF3-4C1C-9256-30EDC392BF10}
	EndGlobalSection
EndGlobal
