
Microsoft Visual Studio Solution File, Format Version 12.00
# Visual Studio Version 16
VisualStudioVersion = 16.0.31105.61
MinimumVisualStudioVersion = 10.0.40219.1
Project("{FAE04EC0-301F-11D3-BF4B-00C04F79EFBC}") = "WebAPI", "WebAPI\WebAPI.csproj", "{9F02FCC7-E0DA-4C9E-863A-1E9667294D91}"
EndProject
Global
	GlobalSection(SolutionConfigurationPlatforms) = preSolution
		Debug|Any CPU = Debug|Any CPU
		Release|Any CPU = Release|Any CPU
	EndGlobalSection
	GlobalSection(ProjectConfigurationPlatforms) = postSolution
		{9F02FCC7-E0DA-4C9E-863A-1E9667294D91}.Debug|Any CPU.ActiveCfg = Debug|Any CPU
		{9F02FCC7-E0DA-4C9E-863A-1E9667294D91}.Debug|Any CPU.Build.0 = Debug|Any CPU
		{9F02FCC7-E0DA-4C9E-863A-1E9667294D91}.Release|Any CPU.ActiveCfg = Release|Any CPU
		{9F02FCC7-E0DA-4C9E-863A-1E9667294D91}.Release|Any CPU.Build.0 = Release|Any CPU
	EndGlobalSection
	GlobalSection(SolutionProperties) = preSolution
		HideSolutionNode = FALSE
	EndGlobalSection
	GlobalSection(ExtensibilityGlobals) = postSolution
		SolutionGuid = {B4EE9BAD-20A5-40D9-A1E9-D87B16E93D2E}
	EndGlobalSection
EndGlobal
